# @generated by Move, please check-in and do not edit manually.

[move]
version = 3
manifest_digest = "AD276484663CC9A1D44950C6782F917585CD5FB57E8A8E0C2119DBB781F94618"
deps_digest = "3C4103934B1E040BB6B23F1D610B4EF9F2F1166A50A104EADCF77467C004C600"
dependencies = [
  { id = "Sui", name = "Sui" },
  { id = "SuiLink", name = "SuiLink" },
]

[[move.package]]
id = "MoveStdlib"
source = { local = "../../../sui/crates/sui-framework/packages/move-stdlib" }

[[move.package]]
id = "Sui"
source = { local = "../../../sui/crates/sui-framework/packages/sui-framework" }

dependencies = [
  { id = "MoveStdlib", name = "MoveStdlib" },
]

[[move.package]]
id = "SuiLink"
source = { local = "../suilink-v3" }

dependencies = [
  { id = "Sui", name = "Sui" },
]

[move.toolchain-version]
compiler-version = "1.40.3"
edition = "2024.beta"
flavor = "sui"

[env]

[env.devnet]
chain-id = "3f2108a2"
original-published-id = "0xfe0461ac2dfd829d9c6d2f3a4cc6db9ba17b5ae0785b0d2e94518338e24eff2c"
latest-published-id = "0xfe0461ac2dfd829d9c6d2f3a4cc6db9ba17b5ae0785b0d2e94518338e24eff2c"
published-version = "1"

[env.mainnet]
chain-id = "35834a8a"
original-published-id = "0x1eae91a342d65986eeb1e727146442313d623edcbd4f3595190e6587c20f8d9d"
latest-published-id = "0x1eae91a342d65986eeb1e727146442313d623edcbd4f3595190e6587c20f8d9d"
published-version = "1"
