# @generated by Move, please check-in and do not edit manually.

[move]
version = 3
manifest_digest = "AD276484663CC9A1D44950C6782F917585CD5FB57E8A8E0C2119DBB781F94618"
deps_digest = "3C4103934B1E040BB6B23F1D610B4EF9F2F1166A50A104EADCF77467C004C600"
dependencies = [
  { id = "Sui", name = "Sui" },
  { id = "SuiLink", name = "SuiLink" },
]

[[move.package]]
id = "MoveStdlib"
source = { local = "../../../sui/crates/sui-framework/packages/move-stdlib" }

[[move.package]]
id = "Sui"
source = { local = "../../../sui/crates/sui-framework/packages/sui-framework" }

dependencies = [
  { id = "MoveStdlib", name = "MoveStdlib" },
]

[[move.package]]
id = "SuiLink"
source = { local = "../suilink-v3" }

dependencies = [
  { id = "Sui", name = "Sui" },
]

[move.toolchain-version]
compiler-version = "1.39.4"
edition = "2024.beta"
flavor = "sui"

[env]

[env.devnet]
chain-id = "614bf495"
original-published-id = "0x1c431d2d2a261e6e5922cb5ad624cf10bbe8e0fb06af736eb3bca345f405633c"
latest-published-id = "0x1c431d2d2a261e6e5922cb5ad624cf10bbe8e0fb06af736eb3bca345f405633c"
published-version = "1"

[env.mainnet]
chain-id = "35834a8a"
original-published-id = "0x75f50a21aca30dacca617283f61bb5feea2c001cd6e3e79989601443800ef0c8"
latest-published-id = "0x75f50a21aca30dacca617283f61bb5feea2c001cd6e3e79989601443800ef0c8"
published-version = "1"
