# @generated by Move, please check-in and do not edit manually.

[move]
version = 3
manifest_digest = "2FD00139C0459CE51E18DB7CA05B6AB50CB97B740DE60619F9E28916D7807921"
deps_digest = "3C4103934B1E040BB6B23F1D610B4EF9F2F1166A50A104EADCF77467C004C600"
dependencies = [
  { id = "Sui", name = "Sui" },
  { id = "SuiLink", name = "SuiLink" },
]

[[move.package]]
id = "MoveStdlib"
source = { local = "../../../sui/crates/sui-framework/packages/move-stdlib" }

[[move.package]]
id = "Sui"
source = { local = "../../../sui/crates/sui-framework/packages/sui-framework" }

dependencies = [
  { id = "MoveStdlib", name = "MoveStdlib" },
]

[[move.package]]
id = "SuiLink"
source = { local = "../sui-suilink-v3" }

dependencies = [
  { id = "Sui", name = "Sui" },
]

[move.toolchain-version]
compiler-version = "1.41.1"
edition = "2024.beta"
flavor = "sui"

[env]

[env.devnet]
chain-id = "5c7c5411"
original-published-id = "0xa60a588e61bb0e6c9ec7eb2bc26a5fb4ef3b9f3371afbd0d4ea89e45d30d246a"
latest-published-id = "0xa60a588e61bb0e6c9ec7eb2bc26a5fb4ef3b9f3371afbd0d4ea89e45d30d246a"
published-version = "1"

[env.mainnet]
chain-id = "35834a8a"
original-published-id = "0x1eae91a342d65986eeb1e727146442313d623edcbd4f3595190e6587c20f8d9d"
latest-published-id = "0x1eae91a342d65986eeb1e727146442313d623edcbd4f3595190e6587c20f8d9d"
published-version = "1"
