# @generated by Move, please check-in and do not edit manually.

[move]
version = 3
manifest_digest = "E7CBCACC9DE8D15759A2F0BB9AA5AD30CDDDAD0E3B8F92CFB61CDC59963F735C"
deps_digest = "F8BBB0CCB2491CA29A3DF03D6F92277A4F3574266507ACD77214D37ECA3F3082"
dependencies = [
  { id = "Sui", name = "Sui" },
]

[[move.package]]
id = "MoveStdlib"
source = { git = "https://github.com/MystenLabs/sui.git", rev = "framework/mainnet", subdir = "crates/sui-framework/packages/move-stdlib" }

[[move.package]]
id = "Sui"
source = { git = "https://github.com/MystenLabs/sui.git", rev = "framework/mainnet", subdir = "crates/sui-framework/packages/sui-framework" }

dependencies = [
  { id = "MoveStdlib", name = "MoveStdlib" },
]

[move.toolchain-version]
compiler-version = "1.39.4"
edition = "2024.beta"
flavor = "sui"

[env]

[env.localnet]
chain-id = "d15764ec"
original-published-id = "0xe4028d51c08dd03311e52669e29a800791da33e06d4bc5725c8f63165de7275d"
latest-published-id = "0xe4028d51c08dd03311e52669e29a800791da33e06d4bc5725c8f63165de7275d"
published-version = "1"

[env.devnet]
chain-id = "af8ca69b"
original-published-id = "0x8132560c5c1c7dbf90c3ab3edba234f4f36420fe19917aba4cf84534914892d1"
latest-published-id = "0x8132560c5c1c7dbf90c3ab3edba234f4f36420fe19917aba4cf84534914892d1"
published-version = "1"

[env.mainnet]
chain-id = "35834a8a"
original-published-id = "0xf64a704b8fa0380f6bca10af0c9e5a5d478bbfc50b2a97898a7f1315289c7b54"
latest-published-id = "0xf64a704b8fa0380f6bca10af0c9e5a5d478bbfc50b2a97898a7f1315289c7b54"
published-version = "1"
