# @generated by Move, please check-in and do not edit manually.

[move]
version = 3
manifest_digest = "359DACF43E0B1C5A0F6DF64D175258D006CC186AD899858B88DCD4088DB0947F"
deps_digest = "F8BBB0CCB2491CA29A3DF03D6F92277A4F3574266507ACD77214D37ECA3F3082"
dependencies = [
  { id = "Sui", name = "Sui" },
]

[[move.package]]
id = "MoveStdlib"
source = { local = "../../../sui/crates/sui-framework/packages/move-stdlib" }

[[move.package]]
id = "Sui"
source = { local = "../../../sui/crates/sui-framework/packages/sui-framework" }

dependencies = [
  { id = "MoveStdlib", name = "MoveStdlib" },
]

[move.toolchain-version]
compiler-version = "1.37.4"
edition = "legacy"
flavor = "sui"

[env]

[env.localnet]
chain-id = "d15764ec"
original-published-id = "0x39f8f1545bf13baa4c88d5143c4668e4bd481dbe5d0e7f43e156a0b3d8ccaa89"
latest-published-id = "0x39f8f1545bf13baa4c88d5143c4668e4bd481dbe5d0e7f43e156a0b3d8ccaa89"
published-version = "1"

[env.devnet]
chain-id = "54f83c42"
original-published-id = "0xe08e44ac3b27da93a8b89916950f347fd1b39f624bad52eddbcc5e9a5bea13fa"
latest-published-id = "0xe08e44ac3b27da93a8b89916950f347fd1b39f624bad52eddbcc5e9a5bea13fa"
published-version = "1"

[env.mainnet]
chain-id = "35834a8a"
original-published-id = "0xf857fa9df5811e6df2a0240a1029d365db24b5026896776ddd1c3c70803bccd3"
latest-published-id = "0x358fb2cf8d041bbcdb46f0782ff23fb88c3fe15d10f481b721344241e6692a9b"
published-version = "3"
